
Microsoft Visual Studio Solution File, Format Version 12.00
# Visual Studio 15
VisualStudioVersion = 15.0.27703.2042
MinimumVisualStudioVersion = 10.0.40219.1
Project("{9A19103F-16F7-4668-BE54-9A1E7A4F7556}") = "QrcodeReader", "QrcodeReader\QrcodeReader\QrcodeReader.csproj", "{77942230-EEDB-4BF8-ABB0-590FC44FA266}"
EndProject
Project("{FAE04EC0-301F-11D3-BF4B-00C04F79EFBC}") = "QrcodeReader.Droid", "QrcodeReader\QrcodeReader.Droid\QrcodeReader.Droid.csproj", "{5C54FC8D-2527-47AD-84F5-AE683F7259BD}"
EndProject
Project("{FAE04EC0-301F-11D3-BF4B-00C04F79EFBC}") = "QrcodeReader.iOS", "QrcodeReader\QrcodeReader.iOS\QrcodeReader.iOS.csproj", "{21F049EE-81E0-4F90-8D7B-D5D3E3A1D5DC}"
EndProject
Global
	GlobalSection(SolutionConfigurationPlatforms) = preSolution
		Ad-Hoc|Any CPU = Ad-Hoc|Any CPU
		Ad-Hoc|ARM = Ad-Hoc|ARM
		Ad-Hoc|iPhone = Ad-Hoc|iPhone
		Ad-Hoc|iPhoneSimulator = Ad-Hoc|iPhoneSimulator
		Ad-Hoc|x64 = Ad-Hoc|x64
		Ad-Hoc|x86 = Ad-Hoc|x86
		AppStore|Any CPU = AppStore|Any CPU
		AppStore|ARM = AppStore|ARM
		AppStore|iPhone = AppStore|iPhone
		AppStore|iPhoneSimulator = AppStore|iPhoneSimulator
		AppStore|x64 = AppStore|x64
		AppStore|x86 = AppStore|x86
		Debug|Any CPU = Debug|Any CPU
		Debug|ARM = Debug|ARM
		Debug|iPhone = Debug|iPhone
		Debug|iPhoneSimulator = Debug|iPhoneSimulator
		Debug|x64 = Debug|x64
		Debug|x86 = Debug|x86
		Release|Any CPU = Release|Any CPU
		Release|ARM = Release|ARM
		Release|iPhone = Release|iPhone
		Release|iPhoneSimulator = Release|iPhoneSimulator
		Release|x64 = Release|x64
		Release|x86 = Release|x86
	EndGlobalSection
	GlobalSection(ProjectConfigurationPlatforms) = postSolution
		{77942230-EEDB-4BF8-ABB0-590FC44FA266}.Ad-Hoc|Any CPU.ActiveCfg = Debug|Any CPU
		{77942230-EEDB-4BF8-ABB0-590FC44FA266}.Ad-Hoc|Any CPU.Build.0 = Debug|Any CPU
		{77942230-EEDB-4BF8-ABB0-590FC44FA266}.Ad-Hoc|ARM.ActiveCfg = Debug|Any CPU
		{77942230-EEDB-4BF8-ABB0-590FC44FA266}.Ad-Hoc|ARM.Build.0 = Debug|Any CPU
		{77942230-EEDB-4BF8-ABB0-590FC44FA266}.Ad-Hoc|iPhone.ActiveCfg = Debug|Any CPU
		{77942230-EEDB-4BF8-ABB0-590FC44FA266}.Ad-Hoc|iPhone.Build.0 = Debug|Any CPU
		{77942230-EEDB-4BF8-ABB0-590FC44FA266}.Ad-Hoc|iPhoneSimulator.ActiveCfg = Debug|Any CPU
		{77942230-EEDB-4BF8-ABB0-590FC44FA266}.Ad-Hoc|iPhoneSimulator.Build.0 = Debug|Any CPU
		{77942230-EEDB-4BF8-ABB0-590FC44FA266}.Ad-Hoc|x64.ActiveCfg = Debug|Any CPU
		{77942230-EEDB-4BF8-ABB0-590FC44FA266}.Ad-Hoc|x64.Build.0 = Debug|Any CPU
		{77942230-EEDB-4BF8-ABB0-590FC44FA266}.Ad-Hoc|x86.ActiveCfg = Debug|Any CPU
		{77942230-EEDB-4BF8-ABB0-590FC44FA266}.Ad-Hoc|x86.Build.0 = Debug|Any CPU
		{77942230-EEDB-4BF8-ABB0-590FC44FA266}.AppStore|Any CPU.ActiveCfg = Debug|Any CPU
		{77942230-EEDB-4BF8-ABB0-590FC44FA266}.AppStore|Any CPU.Build.0 = Debug|Any CPU
		{77942230-EEDB-4BF8-ABB0-590FC44FA266}.AppStore|ARM.ActiveCfg = Debug|Any CPU
		{77942230-EEDB-4BF8-ABB0-590FC44FA266}.AppStore|ARM.Build.0 = Debug|Any CPU
		{77942230-EEDB-4BF8-ABB0-590FC44FA266}.AppStore|iPhone.ActiveCfg = Debug|Any CPU
		{77942230-EEDB-4BF8-ABB0-590FC44FA266}.AppStore|iPhone.Build.0 = Debug|Any CPU
		{77942230-EEDB-4BF8-ABB0-590FC44FA266}.AppStore|iPhoneSimulator.ActiveCfg = Debug|Any CPU
		{77942230-EEDB-4BF8-ABB0-590FC44FA266}.AppStore|iPhoneSimulator.Build.0 = Debug|Any CPU
		{77942230-EEDB-4BF8-ABB0-590FC44FA266}.AppStore|x64.ActiveCfg = Debug|Any CPU
		{77942230-EEDB-4BF8-ABB0-590FC44FA266}.AppStore|x64.Build.0 = Debug|Any CPU
		{77942230-EEDB-4BF8-ABB0-590FC44FA266}.AppStore|x86.ActiveCfg = Debug|Any CPU
		{77942230-EEDB-4BF8-ABB0-590FC44FA266}.AppStore|x86.Build.0 = Debug|Any CPU
		{77942230-EEDB-4BF8-ABB0-590FC44FA266}.Debug|Any CPU.ActiveCfg = Debug|Any CPU
		{77942230-EEDB-4BF8-ABB0-590FC44FA266}.Debug|Any CPU.Build.0 = Debug|Any CPU
		{77942230-EEDB-4BF8-ABB0-590FC44FA266}.Debug|ARM.ActiveCfg = Debug|Any CPU
		{77942230-EEDB-4BF8-ABB0-590FC44FA266}.Debug|ARM.Build.0 = Debug|Any CPU
		{77942230-EEDB-4BF8-ABB0-590FC44FA266}.Debug|iPhone.ActiveCfg = Debug|Any CPU
		{77942230-EEDB-4BF8-ABB0-590FC44FA266}.Debug|iPhone.Build.0 = Debug|Any CPU
		{77942230-EEDB-4BF8-ABB0-590FC44FA266}.Debug|iPhoneSimulator.ActiveCfg = Debug|Any CPU
		{77942230-EEDB-4BF8-ABB0-590FC44FA266}.Debug|iPhoneSimulator.Build.0 = Debug|Any CPU
		{77942230-EEDB-4BF8-ABB0-590FC44FA266}.Debug|x64.ActiveCfg = Debug|Any CPU
		{77942230-EEDB-4BF8-ABB0-590FC44FA266}.Debug|x64.Build.0 = Debug|Any CPU
		{77942230-EEDB-4BF8-ABB0-590FC44FA266}.Debug|x86.ActiveCfg = Debug|Any CPU
		{77942230-EEDB-4BF8-ABB0-590FC44FA266}.Debug|x86.Build.0 = Debug|Any CPU
		{77942230-EEDB-4BF8-ABB0-590FC44FA266}.Release|Any CPU.ActiveCfg = Release|Any CPU
		{77942230-EEDB-4BF8-ABB0-590FC44FA266}.Release|Any CPU.Build.0 = Release|Any CPU
		{77942230-EEDB-4BF8-ABB0-590FC44FA266}.Release|ARM.ActiveCfg = Release|Any CPU
		{77942230-EEDB-4BF8-ABB0-590FC44FA266}.Release|ARM.Build.0 = Release|Any CPU
		{77942230-EEDB-4BF8-ABB0-590FC44FA266}.Release|iPhone.ActiveCfg = Release|Any CPU
		{77942230-EEDB-4BF8-ABB0-590FC44FA266}.Release|iPhone.Build.0 = Release|Any CPU
		{77942230-EEDB-4BF8-ABB0-590FC44FA266}.Release|iPhoneSimulator.ActiveCfg = Release|Any CPU
		{77942230-EEDB-4BF8-ABB0-590FC44FA266}.Release|iPhoneSimulator.Build.0 = Release|Any CPU
		{77942230-EEDB-4BF8-ABB0-590FC44FA266}.Release|x64.ActiveCfg = Release|Any CPU
		{77942230-EEDB-4BF8-ABB0-590FC44FA266}.Release|x64.Build.0 = Release|Any CPU
		{77942230-EEDB-4BF8-ABB0-590FC44FA266}.Release|x86.ActiveCfg = Release|Any CPU
		{77942230-EEDB-4BF8-ABB0-590FC44FA266}.Release|x86.Build.0 = Release|Any CPU
		{5C54FC8D-2527-47AD-84F5-AE683F7259BD}.Ad-Hoc|Any CPU.ActiveCfg = Release|Any CPU
		{5C54FC8D-2527-47AD-84F5-AE683F7259BD}.Ad-Hoc|Any CPU.Build.0 = Release|Any CPU
		{5C54FC8D-2527-47AD-84F5-AE683F7259BD}.Ad-Hoc|Any CPU.Deploy.0 = Release|Any CPU
		{5C54FC8D-2527-47AD-84F5-AE683F7259BD}.Ad-Hoc|ARM.ActiveCfg = Release|Any CPU
		{5C54FC8D-2527-47AD-84F5-AE683F7259BD}.Ad-Hoc|ARM.Build.0 = Release|Any CPU
		{5C54FC8D-2527-47AD-84F5-AE683F7259BD}.Ad-Hoc|ARM.Deploy.0 = Release|Any CPU
		{5C54FC8D-2527-47AD-84F5-AE683F7259BD}.Ad-Hoc|iPhone.ActiveCfg = Release|Any CPU
		{5C54FC8D-2527-47AD-84F5-AE683F7259BD}.Ad-Hoc|iPhone.Build.0 = Release|Any CPU
		{5C54FC8D-2527-47AD-84F5-AE683F7259BD}.Ad-Hoc|iPhone.Deploy.0 = Release|Any CPU
		{5C54FC8D-2527-47AD-84F5-AE683F7259BD}.Ad-Hoc|iPhoneSimulator.ActiveCfg = Release|Any CPU
		{5C54FC8D-2527-47AD-84F5-AE683F7259BD}.Ad-Hoc|iPhoneSimulator.Build.0 = Release|Any CPU
		{5C54FC8D-2527-47AD-84F5-AE683F7259BD}.Ad-Hoc|iPhoneSimulator.Deploy.0 = Release|Any CPU
		{5C54FC8D-2527-47AD-84F5-AE683F7259BD}.Ad-Hoc|x64.ActiveCfg = Release|Any CPU
		{5C54FC8D-2527-47AD-84F5-AE683F7259BD}.Ad-Hoc|x64.Build.0 = Release|Any CPU
		{5C54FC8D-2527-47AD-84F5-AE683F7259BD}.Ad-Hoc|x64.Deploy.0 = Release|Any CPU
		{5C54FC8D-2527-47AD-84F5-AE683F7259BD}.Ad-Hoc|x86.ActiveCfg = Release|Any CPU
		{5C54FC8D-2527-47AD-84F5-AE683F7259BD}.Ad-Hoc|x86.Build.0 = Release|Any CPU
		{5C54FC8D-2527-47AD-84F5-AE683F7259BD}.Ad-Hoc|x86.Deploy.0 = Release|Any CPU
		{5C54FC8D-2527-47AD-84F5-AE683F7259BD}.AppStore|Any CPU.ActiveCfg = Release|Any CPU
		{5C54FC8D-2527-47AD-84F5-AE683F7259BD}.AppStore|Any CPU.Build.0 = Release|Any CPU
		{5C54FC8D-2527-47AD-84F5-AE683F7259BD}.AppStore|Any CPU.Deploy.0 = Release|Any CPU
		{5C54FC8D-2527-47AD-84F5-AE683F7259BD}.AppStore|ARM.ActiveCfg = Release|Any CPU
		{5C54FC8D-2527-47AD-84F5-AE683F7259BD}.AppStore|ARM.Build.0 = Release|Any CPU
		{5C54FC8D-2527-47AD-84F5-AE683F7259BD}.AppStore|ARM.Deploy.0 = Release|Any CPU
		{5C54FC8D-2527-47AD-84F5-AE683F7259BD}.AppStore|iPhone.ActiveCfg = Release|Any CPU
		{5C54FC8D-2527-47AD-84F5-AE683F7259BD}.AppStore|iPhone.Build.0 = Release|Any CPU
		{5C54FC8D-2527-47AD-84F5-AE683F7259BD}.AppStore|iPhone.Deploy.0 = Release|Any CPU
		{5C54FC8D-2527-47AD-84F5-AE683F7259BD}.AppStore|iPhoneSimulator.ActiveCfg = Release|Any CPU
		{5C54FC8D-2527-47AD-84F5-AE683F7259BD}.AppStore|iPhoneSimulator.Build.0 = Release|Any CPU
		{5C54FC8D-2527-47AD-84F5-AE683F7259BD}.AppStore|iPhoneSimulator.Deploy.0 = Release|Any CPU
		{5C54FC8D-2527-47AD-84F5-AE683F7259BD}.AppStore|x64.ActiveCfg = Release|Any CPU
		{5C54FC8D-2527-47AD-84F5-AE683F7259BD}.AppStore|x64.Build.0 = Release|Any CPU
		{5C54FC8D-2527-47AD-84F5-AE683F7259BD}.AppStore|x64.Deploy.0 = Release|Any CPU
		{5C54FC8D-2527-47AD-84F5-AE683F7259BD}.AppStore|x86.ActiveCfg = Release|Any CPU
		{5C54FC8D-2527-47AD-84F5-AE683F7259BD}.AppStore|x86.Build.0 = Release|Any CPU
		{5C54FC8D-2527-47AD-84F5-AE683F7259BD}.AppStore|x86.Deploy.0 = Release|Any CPU
		{5C54FC8D-2527-47AD-84F5-AE683F7259BD}.Debug|Any CPU.ActiveCfg = Debug|Any CPU
		{5C54FC8D-2527-47AD-84F5-AE683F7259BD}.Debug|Any CPU.Build.0 = Debug|Any CPU
		{5C54FC8D-2527-47AD-84F5-AE683F7259BD}.Debug|Any CPU.Deploy.0 = Debug|Any CPU
		{5C54FC8D-2527-47AD-84F5-AE683F7259BD}.Debug|ARM.ActiveCfg = Debug|Any CPU
		{5C54FC8D-2527-47AD-84F5-AE683F7259BD}.Debug|ARM.Build.0 = Debug|Any CPU
		{5C54FC8D-2527-47AD-84F5-AE683F7259BD}.Debug|ARM.Deploy.0 = Debug|Any CPU
		{5C54FC8D-2527-47AD-84F5-AE683F7259BD}.Debug|iPhone.ActiveCfg = Debug|Any CPU
		{5C54FC8D-2527-47AD-84F5-AE683F7259BD}.Debug|iPhone.Build.0 = Debug|Any CPU
		{5C54FC8D-2527-47AD-84F5-AE683F7259BD}.Debug|iPhone.Deploy.0 = Debug|Any CPU
		{5C54FC8D-2527-47AD-84F5-AE683F7259BD}.Debug|iPhoneSimulator.ActiveCfg = Debug|Any CPU
		{5C54FC8D-2527-47AD-84F5-AE683F7259BD}.Debug|iPhoneSimulator.Build.0 = Debug|Any CPU
		{5C54FC8D-2527-47AD-84F5-AE683F7259BD}.Debug|iPhoneSimulator.Deploy.0 = Debug|Any CPU
		{5C54FC8D-2527-47AD-84F5-AE683F7259BD}.Debug|x64.ActiveCfg = Debug|Any CPU
		{5C54FC8D-2527-47AD-84F5-AE683F7259BD}.Debug|x64.Build.0 = Debug|Any CPU
		{5C54FC8D-2527-47AD-84F5-AE683F7259BD}.Debug|x64.Deploy.0 = Debug|Any CPU
		{5C54FC8D-2527-47AD-84F5-AE683F7259BD}.Debug|x86.ActiveCfg = Debug|Any CPU
		{5C54FC8D-2527-47AD-84F5-AE683F7259BD}.Debug|x86.Build.0 = Debug|Any CPU
		{5C54FC8D-2527-47AD-84F5-AE683F7259BD}.Debug|x86.Deploy.0 = Debug|Any CPU
		{5C54FC8D-2527-47AD-84F5-AE683F7259BD}.Release|Any CPU.ActiveCfg = Release|Any CPU
		{5C54FC8D-2527-47AD-84F5-AE683F7259BD}.Release|Any CPU.Build.0 = Release|Any CPU
		{5C54FC8D-2527-47AD-84F5-AE683F7259BD}.Release|Any CPU.Deploy.0 = Release|Any CPU
		{5C54FC8D-2527-47AD-84F5-AE683F7259BD}.Release|ARM.ActiveCfg = Release|Any CPU
		{5C54FC8D-2527-47AD-84F5-AE683F7259BD}.Release|ARM.Build.0 = Release|Any CPU
		{5C54FC8D-2527-47AD-84F5-AE683F7259BD}.Release|ARM.Deploy.0 = Release|Any CPU
		{5C54FC8D-2527-47AD-84F5-AE683F7259BD}.Release|iPhone.ActiveCfg = Release|Any CPU
		{5C54FC8D-2527-47AD-84F5-AE683F7259BD}.Release|iPhone.Build.0 = Release|Any CPU
		{5C54FC8D-2527-47AD-84F5-AE683F7259BD}.Release|iPhone.Deploy.0 = Release|Any CPU
		{5C54FC8D-2527-47AD-84F5-AE683F7259BD}.Release|iPhoneSimulator.ActiveCfg = Release|Any CPU
		{5C54FC8D-2527-47AD-84F5-AE683F7259BD}.Release|iPhoneSimulator.Build.0 = Release|Any CPU
		{5C54FC8D-2527-47AD-84F5-AE683F7259BD}.Release|iPhoneSimulator.Deploy.0 = Release|Any CPU
		{5C54FC8D-2527-47AD-84F5-AE683F7259BD}.Release|x64.ActiveCfg = Release|Any CPU
		{5C54FC8D-2527-47AD-84F5-AE683F7259BD}.Release|x64.Build.0 = Release|Any CPU
		{5C54FC8D-2527-47AD-84F5-AE683F7259BD}.Release|x64.Deploy.0 = Release|Any CPU
		{5C54FC8D-2527-47AD-84F5-AE683F7259BD}.Release|x86.ActiveCfg = Release|Any CPU
		{5C54FC8D-2527-47AD-84F5-AE683F7259BD}.Release|x86.Build.0 = Release|Any CPU
		{5C54FC8D-2527-47AD-84F5-AE683F7259BD}.Release|x86.Deploy.0 = Release|Any CPU
		{21F049EE-81E0-4F90-8D7B-D5D3E3A1D5DC}.Ad-Hoc|Any CPU.ActiveCfg = Ad-Hoc|iPhone
		{21F049EE-81E0-4F90-8D7B-D5D3E3A1D5DC}.Ad-Hoc|ARM.ActiveCfg = Ad-Hoc|iPhone
		{21F049EE-81E0-4F90-8D7B-D5D3E3A1D5DC}.Ad-Hoc|iPhone.ActiveCfg = Ad-Hoc|iPhone
		{21F049EE-81E0-4F90-8D7B-D5D3E3A1D5DC}.Ad-Hoc|iPhone.Build.0 = Ad-Hoc|iPhone
		{21F049EE-81E0-4F90-8D7B-D5D3E3A1D5DC}.Ad-Hoc|iPhoneSimulator.ActiveCfg = Ad-Hoc|iPhoneSimulator
		{21F049EE-81E0-4F90-8D7B-D5D3E3A1D5DC}.Ad-Hoc|iPhoneSimulator.Build.0 = Ad-Hoc|iPhoneSimulator
		{21F049EE-81E0-4F90-8D7B-D5D3E3A1D5DC}.Ad-Hoc|x64.ActiveCfg = Ad-Hoc|iPhone
		{21F049EE-81E0-4F90-8D7B-D5D3E3A1D5DC}.Ad-Hoc|x86.ActiveCfg = Ad-Hoc|iPhone
		{21F049EE-81E0-4F90-8D7B-D5D3E3A1D5DC}.AppStore|Any CPU.ActiveCfg = AppStore|iPhone
		{21F049EE-81E0-4F90-8D7B-D5D3E3A1D5DC}.AppStore|ARM.ActiveCfg = AppStore|iPhone
		{21F049EE-81E0-4F90-8D7B-D5D3E3A1D5DC}.AppStore|iPhone.ActiveCfg = AppStore|iPhone
		{21F049EE-81E0-4F90-8D7B-D5D3E3A1D5DC}.AppStore|iPhone.Build.0 = AppStore|iPhone
		{21F049EE-81E0-4F90-8D7B-D5D3E3A1D5DC}.AppStore|iPhoneSimulator.ActiveCfg = AppStore|iPhoneSimulator
		{21F049EE-81E0-4F90-8D7B-D5D3E3A1D5DC}.AppStore|iPhoneSimulator.Build.0 = AppStore|iPhoneSimulator
		{21F049EE-81E0-4F90-8D7B-D5D3E3A1D5DC}.AppStore|x64.ActiveCfg = AppStore|iPhone
		{21F049EE-81E0-4F90-8D7B-D5D3E3A1D5DC}.AppStore|x86.ActiveCfg = AppStore|iPhone
		{21F049EE-81E0-4F90-8D7B-D5D3E3A1D5DC}.Debug|Any CPU.ActiveCfg = Debug|iPhone
		{21F049EE-81E0-4F90-8D7B-D5D3E3A1D5DC}.Debug|ARM.ActiveCfg = Debug|iPhone
		{21F049EE-81E0-4F90-8D7B-D5D3E3A1D5DC}.Debug|iPhone.ActiveCfg = Debug|iPhone
		{21F049EE-81E0-4F90-8D7B-D5D3E3A1D5DC}.Debug|iPhone.Build.0 = Debug|iPhone
		{21F049EE-81E0-4F90-8D7B-D5D3E3A1D5DC}.Debug|iPhoneSimulator.ActiveCfg = Debug|iPhoneSimulator
		{21F049EE-81E0-4F90-8D7B-D5D3E3A1D5DC}.Debug|iPhoneSimulator.Build.0 = Debug|iPhoneSimulator
		{21F049EE-81E0-4F90-8D7B-D5D3E3A1D5DC}.Debug|x64.ActiveCfg = Debug|iPhone
		{21F049EE-81E0-4F90-8D7B-D5D3E3A1D5DC}.Debug|x86.ActiveCfg = Debug|iPhone
		{21F049EE-81E0-4F90-8D7B-D5D3E3A1D5DC}.Release|Any CPU.ActiveCfg = Release|iPhone
		{21F049EE-81E0-4F90-8D7B-D5D3E3A1D5DC}.Release|ARM.ActiveCfg = Release|iPhone
		{21F049EE-81E0-4F90-8D7B-D5D3E3A1D5DC}.Release|iPhone.ActiveCfg = Release|iPhone
		{21F049EE-81E0-4F90-8D7B-D5D3E3A1D5DC}.Release|iPhone.Build.0 = Release|iPhone
		{21F049EE-81E0-4F90-8D7B-D5D3E3A1D5DC}.Release|iPhoneSimulator.ActiveCfg = Release|iPhoneSimulator
		{21F049EE-81E0-4F90-8D7B-D5D3E3A1D5DC}.Release|iPhoneSimulator.Build.0 = Release|iPhoneSimulator
		{21F049EE-81E0-4F90-8D7B-D5D3E3A1D5DC}.Release|x64.ActiveCfg = Release|iPhone
		{21F049EE-81E0-4F90-8D7B-D5D3E3A1D5DC}.Release|x86.ActiveCfg = Release|iPhone
	EndGlobalSection
	GlobalSection(SolutionProperties) = preSolution
		HideSolutionNode = FALSE
	EndGlobalSection
	GlobalSection(ExtensibilityGlobals) = postSolution
		SolutionGuid = {95D806BD-A282-4D38-9B46-9C32AE90D460}
	EndGlobalSection
EndGlobal
